
Microsoft Visual Studio Solution File, Format Version 12.00
# Visual Studio Version 17
VisualStudioVersion = 17.13.35806.99
MinimumVisualStudioVersion = 10.0.40219.1
Project("{FAE04EC0-301F-11D3-BF4B-00C04F79EFBC}") = "MovieBookingWebMVC", "MovieBookingWebMVC\MovieBookingWebMVC.csproj", "{3FCCE72F-034C-4BAD-8963-CA6D6AB244FA}"
EndProject
Project("{FAE04EC0-301F-11D3-BF4B-00C04F79EFBC}") = "UserManagement", "UserManagement\UserManagement.csproj", "{78A4F4A4-6F9D-44CA-9F48-73A2C0969E55}"
EndProject
Project("{FAE04EC0-301F-11D3-BF4B-00C04F79EFBC}") = "MovieManagement", "MovieManagement\MovieManagement.csproj", "{7BA7E130-4687-4B83-BDC3-C600FC2421A3}"
EndProject
Project("{FAE04EC0-301F-11D3-BF4B-00C04F79EFBC}") = "BookingManagement", "BookingManagement\BookingManagement.csproj", "{5203A798-42B1-4C62-A049-BD6BDE030E4A}"
EndProject
Project("{FAE04EC0-301F-11D3-BF4B-00C04F79EFBC}") = "MovieBookingWebTest", "MovieManagementTests\MovieBookingWebTest.csproj", "{7E944C50-96B3-42EC-A0A9-730575E50CCA}"
EndProject
Global
	GlobalSection(SolutionConfigurationPlatforms) = preSolution
		Debug|Any CPU = Debug|Any CPU
		Release|Any CPU = Release|Any CPU
	EndGlobalSection
	GlobalSection(ProjectConfigurationPlatforms) = postSolution
		{3FCCE72F-034C-4BAD-8963-CA6D6AB244FA}.Debug|Any CPU.ActiveCfg = Debug|Any CPU
		{3FCCE72F-034C-4BAD-8963-CA6D6AB244FA}.Debug|Any CPU.Build.0 = Debug|Any CPU
		{3FCCE72F-034C-4BAD-8963-CA6D6AB244FA}.Release|Any CPU.ActiveCfg = Release|Any CPU
		{3FCCE72F-034C-4BAD-8963-CA6D6AB244FA}.Release|Any CPU.Build.0 = Release|Any CPU
		{78A4F4A4-6F9D-44CA-9F48-73A2C0969E55}.Debug|Any CPU.ActiveCfg = Debug|Any CPU
		{78A4F4A4-6F9D-44CA-9F48-73A2C0969E55}.Debug|Any CPU.Build.0 = Debug|Any CPU
		{78A4F4A4-6F9D-44CA-9F48-73A2C0969E55}.Release|Any CPU.ActiveCfg = Release|Any CPU
		{78A4F4A4-6F9D-44CA-9F48-73A2C0969E55}.Release|Any CPU.Build.0 = Release|Any CPU
		{7BA7E130-4687-4B83-BDC3-C600FC2421A3}.Debug|Any CPU.ActiveCfg = Debug|Any CPU
		{7BA7E130-4687-4B83-BDC3-C600FC2421A3}.Debug|Any CPU.Build.0 = Debug|Any CPU
		{7BA7E130-4687-4B83-BDC3-C600FC2421A3}.Release|Any CPU.ActiveCfg = Release|Any CPU
		{7BA7E130-4687-4B83-BDC3-C600FC2421A3}.Release|Any CPU.Build.0 = Release|Any CPU
		{5203A798-42B1-4C62-A049-BD6BDE030E4A}.Debug|Any CPU.ActiveCfg = Debug|Any CPU
		{5203A798-42B1-4C62-A049-BD6BDE030E4A}.Debug|Any CPU.Build.0 = Debug|Any CPU
		{5203A798-42B1-4C62-A049-BD6BDE030E4A}.Release|Any CPU.ActiveCfg = Release|Any CPU
		{5203A798-42B1-4C62-A049-BD6BDE030E4A}.Release|Any CPU.Build.0 = Release|Any CPU
		{7E944C50-96B3-42EC-A0A9-730575E50CCA}.Debug|Any CPU.ActiveCfg = Debug|Any CPU
		{7E944C50-96B3-42EC-A0A9-730575E50CCA}.Debug|Any CPU.Build.0 = Debug|Any CPU
		{7E944C50-96B3-42EC-A0A9-730575E50CCA}.Release|Any CPU.ActiveCfg = Release|Any CPU
		{7E944C50-96B3-42EC-A0A9-730575E50CCA}.Release|Any CPU.Build.0 = Release|Any CPU
	EndGlobalSection
	GlobalSection(SolutionProperties) = preSolution
		HideSolutionNode = FALSE
	EndGlobalSection
	GlobalSection(ExtensibilityGlobals) = postSolution
		SolutionGuid = {431A8522-4DF3-4F1F-AD66-2C3BDC42ED3C}
	EndGlobalSection
EndGlobal
